// !$*UTF8*$!
{
	archiveVersion = 1;
	classes = {
	};
	objectVersion = 77;
	objects = {

/* Begin PBXBuildFile section */
		47818CBA2DB705D6000E0134 /* FirebaseCore in Frameworks */ = {isa = PBXBuildFile; productRef = 47818CB92DB705D6000E0134 /* FirebaseCore */; };
		47818CBC2DB705D6000E0134 /* FirebaseFirestore in Frameworks */ = {isa = PBXBuildFile; productRef = 47818CBB2DB705D6000E0134 /* FirebaseFirestore */; };
/* End PBXBuildFile section */

/* Begin PBXContainerItemProxy section */
		47818C902DB6E17F000E0134 /* PBXContainerItemProxy */ = {
			isa = PBXContainerItemProxy;
			containerPortal = 47818C782DB6E17A000E0134 /* Project object */;
			proxyType = 1;
			remoteGlobalIDString = 47818C7F2DB6E17A000E0134;
			remoteInfo = "PDD Project 2";
		};
		47818C9A2DB6E17F000E0134 /* PBXContainerItemProxy */ = {
			isa = PBXContainerItemProxy;
			containerPortal = 47818C782DB6E17A000E0134 /* Project object */;
			proxyType = 1;
			remoteGlobalIDString = 47818C7F2DB6E17A000E0134;
			remoteInfo = "PDD Project 2";
		};
/* End PBXContainerItemProxy section */

/* Begin PBXFileReference section */
		47818C802DB6E17A000E0134 /* PDD Project 2.app */ = {isa = PBXFileReference; explicitFileType = wrapper.application; includeInIndex = 0; path = "PDD Project 2.app"; sourceTree = BUILT_PRODUCTS_DIR; };
		47818C8F2DB6E17F000E0134 /* PDD Project 2Tests.xctest */ = {isa = PBXFileReference; explicitFileType = wrapper.cfbundle; includeInIndex = 0; path = "PDD Project 2Tests.xctest"; sourceTree = BUILT_PRODUCTS_DIR; };
		47818C992DB6E17F000E0134 /* PDD Project 2UITests.xctest */ = {isa = PBXFileReference; explicitFileType = wrapper.cfbundle; includeInIndex = 0; path = "PDD Project 2UITests.xctest"; sourceTree = BUILT_PRODUCTS_DIR; };
/* End PBXFileReference section */

/* Begin PBXFileSystemSynchronizedRootGroup section */
		47818C822DB6E17A000E0134 /* PDD Project 2 */ = {
			isa = PBXFileSystemSynchronizedRootGroup;
			path = "PDD Project 2";
			sourceTree = "<group>";
		};
		47818C922DB6E17F000E0134 /* PDD Project 2Tests */ = {
			isa = PBXFileSystemSynchronizedRootGroup;
			path = "PDD Project 2Tests";
			sourceTree = "<group>";
		};
		47818C9C2DB6E17F000E0134 /* PDD Project 2UITests */ = {
			isa = PBXFileSystemSynchronizedRootGroup;
			path = "PDD Project 2UITests";
			sourceTree = "<group>";
		};
/* End PBXFileSystemSynchronizedRootGroup section */

/* Begin PBXFrameworksBuildPhase section */
		47818C7D2DB6E17A000E0134 /* Frameworks */ = {
			isa = PBXFrameworksBuildPhase;
			buildActionMask = 2147483647;
			files = (
				47818CBA2DB705D6000E0134 /* FirebaseCore in Frameworks */,
				47818CBC2DB705D6000E0134 /* FirebaseFirestore in Frameworks */,
			);
			runOnlyForDeploymentPostprocessing = 0;
		};
		47818C8C2DB6E17F000E0134 /* Frameworks */ = {
			isa = PBXFrameworksBuildPhase;
			buildActionMask = 2147483647;
			files = (
			);
			runOnlyForDeploymentPostprocessing = 0;
		};
		47818C962DB6E17F000E0134 /* Frameworks */ = {
			isa = PBXFrameworksBuildPhase;
			buildActionMask = 2147483647;
			files = (
			);
			runOnlyForDeploymentPostprocessing = 0;
		};
/* End PBXFrameworksBuildPhase section */

/* Begin PBXGroup section */
		47818C772DB6E17A000E0134 = {
			isa = PBXGroup;
			children = (
				47818C822DB6E17A000E0134 /* PDD Project 2 */,
				47818C922DB6E17F000E0134 /* PDD Project 2Tests */,
				47818C9C2DB6E17F000E0134 /* PDD Project 2UITests */,
				47818C812DB6E17A000E0134 /* Products */,
			);
			sourceTree = "<group>";
		};
		47818C812DB6E17A000E0134 /* Products */ = {
			isa = PBXGroup;
			children = (
				47818C802DB6E17A000E0134 /* PDD Project 2.app */,
				47818C8F2DB6E17F000E0134 /* PDD Project 2Tests.xctest */,
				47818C992DB6E17F000E0134 /* PDD Project 2UITests.xctest */,
			);
			name = Products;
			sourceTree = "<group>";
		};
/* End PBXGroup section */

/* Begin PBXNativeTarget section */
		47818C7F2DB6E17A000E0134 /* PDD Project 2 */ = {
			isa = PBXNativeTarget;
			buildConfigurationList = 47818CA32DB6E17F000E0134 /* Build configuration list for PBXNativeTarget "PDD Project 2" */;
			buildPhases = (
				47818C7C2DB6E17A000E0134 /* Sources */,
				47818C7D2DB6E17A000E0134 /* Frameworks */,
				47818C7E2DB6E17A000E0134 /* Resources */,
			);
			buildRules = (
			);
			dependencies = (
			);
			fileSystemSynchronizedGroups = (
				47818C822DB6E17A000E0134 /* PDD Project 2 */,
			);
			name = "PDD Project 2";
			packageProductDependencies = (
				47818CB92DB705D6000E0134 /* FirebaseCore */,
				47818CBB2DB705D6000E0134 /* FirebaseFirestore */,
			);
			productName = "PDD Project 2";
			productReference = 47818C802DB6E17A000E0134 /* PDD Project 2.app */;
			productType = "com.apple.product-type.application";
		};
		47818C8E2DB6E17F000E0134 /* PDD Project 2Tests */ = {
			isa = PBXNativeTarget;
			buildConfigurationList = 47818CA62DB6E17F000E0134 /* Build configuration list for PBXNativeTarget "PDD Project 2Tests" */;
			buildPhases = (
				47818C8B2DB6E17F000E0134 /* Sources */,
				47818C8C2DB6E17F000E0134 /* Frameworks */,
				47818C8D2DB6E17F000E0134 /* Resources */,
			);
			buildRules = (
			);
			dependencies = (
				47818C912DB6E17F000E0134 /* PBXTargetDependency */,
			);
			fileSystemSynchronizedGroups = (
				47818C922DB6E17F000E0134 /* PDD Project 2Tests */,
			);
			name = "PDD Project 2Tests";
			packageProductDependencies = (
			);
			productName = "PDD Project 2Tests";
			productReference = 47818C8F2DB6E17F000E0134 /* PDD Project 2Tests.xctest */;
			productType = "com.apple.product-type.bundle.unit-test";
		};
		47818C982DB6E17F000E0134 /* PDD Project 2UITests */ = {
			isa = PBXNativeTarget;
			buildConfigurationList = 47818CA92DB6E17F000E0134 /* Build configuration list for PBXNativeTarget "PDD Project 2UITests" */;
			buildPhases = (
				47818C952DB6E17F000E0134 /* Sources */,
				47818C962DB6E17F000E0134 /* Frameworks */,
				47818C972DB6E17F000E0134 /* Resources */,
			);
			buildRules = (
			);
			dependencies = (
				47818C9B2DB6E17F000E0134 /* PBXTargetDependency */,
			);
			fileSystemSynchronizedGroups = (
				47818C9C2DB6E17F000E0134 /* PDD Project 2UITests */,
			);
			name = "PDD Project 2UITests";
			packageProductDependencies = (
			);
			productName = "PDD Project 2UITests";
			productReference = 47818C992DB6E17F000E0134 /* PDD Project 2UITests.xctest */;
			productType = "com.apple.product-type.bundle.ui-testing";
		};
/* End PBXNativeTarget section */

/* Begin PBXProject section */
		47818C782DB6E17A000E0134 /* Project object */ = {
			isa = PBXProject;
			attributes = {
				BuildIndependentTargetsInParallel = 1;
				LastSwiftUpdateCheck = 1630;
				LastUpgradeCheck = 1630;
				TargetAttributes = {
					47818C7F2DB6E17A000E0134 = {
						CreatedOnToolsVersion = 16.3;
					};
					47818C8E2DB6E17F000E0134 = {
						CreatedOnToolsVersion = 16.3;
						TestTargetID = 47818C7F2DB6E17A000E0134;
					};
					47818C982DB6E17F000E0134 = {
						CreatedOnToolsVersion = 16.3;
						TestTargetID = 47818C7F2DB6E17A000E0134;
					};
				};
			};
			buildConfigurationList = 47818C7B2DB6E17A000E0134 /* Build configuration list for PBXProject "PDD Project 2" */;
			developmentRegion = en;
			hasScannedForEncodings = 0;
			knownRegions = (
				en,
				Base,
			);
			mainGroup = 47818C772DB6E17A000E0134;
			minimizedProjectReferenceProxies = 1;
			packageReferences = (
				47818CB82DB705D6000E0134 /* XCRemoteSwiftPackageReference "firebase-ios-sdk" */,
			);
			preferredProjectObjectVersion = 77;
			productRefGroup = 47818C812DB6E17A000E0134 /* Products */;
			projectDirPath = "";
			projectRoot = "";
			targets = (
				47818C7F2DB6E17A000E0134 /* PDD Project 2 */,
				47818C8E2DB6E17F000E0134 /* PDD Project 2Tests */,
				47818C982DB6E17F000E0134 /* PDD Project 2UITests */,
			);
		};
/* End PBXProject section */

/* Begin PBXResourcesBuildPhase section */
		47818C7E2DB6E17A000E0134 /* Resources */ = {
			isa = PBXResourcesBuildPhase;
			buildActionMask = 2147483647;
			files = (
			);
			runOnlyForDeploymentPostprocessing = 0;
		};
		47818C8D2DB6E17F000E0134 /* Resources */ = {
			isa = PBXResourcesBuildPhase;
			buildActionMask = 2147483647;
			files = (
			);
			runOnlyForDeploymentPostprocessing = 0;
		};
		47818C972DB6E17F000E0134 /* Resources */ = {
			isa = PBXResourcesBuildPhase;
			buildActionMask = 2147483647;
			files = (
			);
			runOnlyForDeploymentPostprocessing = 0;
		};
/* End PBXResourcesBuildPhase section */

/* Begin PBXSourcesBuildPhase section */
		47818C7C2DB6E17A000E0134 /* Sources */ = {
			isa = PBXSourcesBuildPhase;
			buildActionMask = 2147483647;
			files = (
			);
			runOnlyForDeploymentPostprocessing = 0;
		};
		47818C8B2DB6E17F000E0134 /* Sources */ = {
			isa = PBXSourcesBuildPhase;
			buildActionMask = 2147483647;
			files = (
			);
			runOnlyForDeploymentPostprocessing = 0;
		};
		47818C952DB6E17F000E0134 /* Sources */ = {
			isa = PBXSourcesBuildPhase;
			buildActionMask = 2147483647;
			files = (
			);
			runOnlyForDeploymentPostprocessing = 0;
		};
/* End PBXSourcesBuildPhase section */

/* Begin PBXTargetDependency section */
		47818C912DB6E17F000E0134 /* PBXTargetDependency */ = {
			isa = PBXTargetDependency;
			target = 47818C7F2DB6E17A000E0134 /* PDD Project 2 */;
			targetProxy = 47818C902DB6E17F000E0134 /* PBXContainerItemProxy */;
		};
		47818C9B2DB6E17F000E0134 /* PBXTargetDependency */ = {
			isa = PBXTargetDependency;
			target = 47818C7F2DB6E17A000E0134 /* PDD Project 2 */;
			targetProxy = 47818C9A2DB6E17F000E0134 /* PBXContainerItemProxy */;
		};
/* End PBXTargetDependency section */

/* Begin XCBuildConfiguration section */
		47818CA12DB6E17F000E0134 /* Debug */ = {
			isa = XCBuildConfiguration;
			buildSettings = {
				ALWAYS_SEARCH_USER_PATHS = NO;
				ASSETCATALOG_COMPILER_GENERATE_SWIFT_ASSET_SYMBOL_EXTENSIONS = YES;
				CLANG_ANALYZER_NONNULL = YES;
				CLANG_ANALYZER_NUMBER_OBJECT_CONVERSION = YES_AGGRESSIVE;
				CLANG_CXX_LANGUAGE_STANDARD = "gnu++20";
				CLANG_ENABLE_MODULES = YES;
				CLANG_ENABLE_OBJC_ARC = YES;
				CLANG_ENABLE_OBJC_WEAK = YES;
				CLANG_WARN_BLOCK_CAPTURE_AUTORELEASING = YES;
				CLANG_WARN_BOOL_CONVERSION = YES;
				CLANG_WARN_COMMA = YES;
				CLANG_WARN_CONSTANT_CONVERSION = YES;
				CLANG_WARN_DEPRECATED_OBJC_IMPLEMENTATIONS = YES;
				CLANG_WARN_DIRECT_OBJC_ISA_USAGE = YES_ERROR;
				CLANG_WARN_DOCUMENTATION_COMMENTS = YES;
				CLANG_WARN_EMPTY_BODY = YES;
				CLANG_WARN_ENUM_CONVERSION = YES;
				CLANG_WARN_INFINITE_RECURSION = YES;
				CLANG_WARN_INT_CONVERSION = YES;
				CLANG_WARN_NON_LITERAL_NULL_CONVERSION = YES;
				CLANG_WARN_OBJC_IMPLICIT_RETAIN_SELF = YES;
				CLANG_WARN_OBJC_LITERAL_CONVERSION = YES;
				CLANG_WARN_OBJC_ROOT_CLASS = YES_ERROR;
				CLANG_WARN_QUOTED_INCLUDE_IN_FRAMEWORK_HEADER = YES;
				CLANG_WARN_RANGE_LOOP_ANALYSIS = YES;
				CLANG_WARN_STRICT_PROTOTYPES = YES;
				CLANG_WARN_SUSPICIOUS_MOVE = YES;
				CLANG_WARN_UNGUARDED_AVAILABILITY = YES_AGGRESSIVE;
				CLANG_WARN_UNREACHABLE_CODE = YES;
				CLANG_WARN__DUPLICATE_METHOD_MATCH = YES;
				COPY_PHASE_STRIP = NO;
				DEBUG_INFORMATION_FORMAT = dwarf;
				DEVELOPMENT_TEAM = 8RFJKMWCJG;
				ENABLE_STRICT_OBJC_MSGSEND = YES;
				ENABLE_TESTABILITY = YES;
				ENABLE_USER_SCRIPT_SANDBOXING = YES;
				GCC_C_LANGUAGE_STANDARD = gnu17;
				GCC_DYNAMIC_NO_PIC = NO;
				GCC_NO_COMMON_BLOCKS = YES;
				GCC_OPTIMIZATION_LEVEL = 0;
				GCC_PREPROCESSOR_DEFINITIONS = (
					"DEBUG=1",
					"$(inherited)",
				);
				GCC_WARN_64_TO_32_BIT_CONVERSION = YES;
				GCC_WARN_ABOUT_RETURN_TYPE = YES_ERROR;
				GCC_WARN_UNDECLARED_SELECTOR = YES;
				GCC_WARN_UNINITIALIZED_AUTOS = YES_AGGRESSIVE;
				GCC_WARN_UNUSED_FUNCTION = YES;
				GCC_WARN_UNUSED_VARIABLE = YES;
				IPHONEOS_DEPLOYMENT_TARGET = 18.4;
				LOCALIZATION_PREFERS_STRING_CATALOGS = YES;
				MTL_ENABLE_DEBUG_INFO = INCLUDE_SOURCE;
				MTL_FAST_MATH = YES;
				ONLY_ACTIVE_ARCH = YES;
				SDKROOT = iphoneos;
				SWIFT_ACTIVE_COMPILATION_CONDITIONS = "DEBUG $(inherited)";
				SWIFT_OPTIMIZATION_LEVEL = "-Onone";
			};
			name = Debug;
		};
		47818CA22DB6E17F000E0134 /* Release */ = {
			isa = XCBuildConfiguration;
			buildSettings = {
				ALWAYS_SEARCH_USER_PATHS = NO;
				ASSETCATALOG_COMPILER_GENERATE_SWIFT_ASSET_SYMBOL_EXTENSIONS = YES;
				CLANG_ANALYZER_NONNULL = YES;
				CLANG_ANALYZER_NUMBER_OBJECT_CONVERSION = YES_AGGRESSIVE;
				CLANG_CXX_LANGUAGE_STANDARD = "gnu++20";
				CLANG_ENABLE_MODULES = YES;
				CLANG_ENABLE_OBJC_ARC = YES;
				CLANG_ENABLE_OBJC_WEAK = YES;
				CLANG_WARN_BLOCK_CAPTURE_AUTORELEASING = YES;
				CLANG_WARN_BOOL_CONVERSION = YES;
				CLANG_WARN_COMMA = YES;
				CLANG_WARN_CONSTANT_CONVERSION = YES;
				CLANG_WARN_DEPRECATED_OBJC_IMPLEMENTATIONS = YES;
				CLANG_WARN_DIRECT_OBJC_ISA_USAGE = YES_ERROR;
				CLANG_WARN_DOCUMENTATION_COMMENTS = YES;
				CLANG_WARN_EMPTY_BODY = YES;
				CLANG_WARN_ENUM_CONVERSION = YES;
				CLANG_WARN_INFINITE_RECURSION = YES;
				CLANG_WARN_INT_CONVERSION = YES;
				CLANG_WARN_NON_LITERAL_NULL_CONVERSION = YES;
				CLANG_WARN_OBJC_IMPLICIT_RETAIN_SELF = YES;
				CLANG_WARN_OBJC_LITERAL_CONVERSION = YES;
				CLANG_WARN_OBJC_ROOT_CLASS = YES_ERROR;
				CLANG_WARN_QUOTED_INCLUDE_IN_FRAMEWORK_HEADER = YES;
				CLANG_WARN_RANGE_LOOP_ANALYSIS = YES;
				CLANG_WARN_STRICT_PROTOTYPES = YES;
				CLANG_WARN_SUSPICIOUS_MOVE = YES;
				CLANG_WARN_UNGUARDED_AVAILABILITY = YES_AGGRESSIVE;
				CLANG_WARN_UNREACHABLE_CODE = YES;
				CLANG_WARN__DUPLICATE_METHOD_MATCH = YES;
				COPY_PHASE_STRIP = NO;
				DEBUG_INFORMATION_FORMAT = "dwarf-with-dsym";
				DEVELOPMENT_TEAM = 8RFJKMWCJG;
				ENABLE_NS_ASSERTIONS = NO;
				ENABLE_STRICT_OBJC_MSGSEND = YES;
				ENABLE_USER_SCRIPT_SANDBOXING = YES;
				GCC_C_LANGUAGE_STANDARD = gnu17;
				GCC_NO_COMMON_BLOCKS = YES;
				GCC_WARN_64_TO_32_BIT_CONVERSION = YES;
				GCC_WARN_ABOUT_RETURN_TYPE = YES_ERROR;
				GCC_WARN_UNDECLARED_SELECTOR = YES;
				GCC_WARN_UNINITIALIZED_AUTOS = YES_AGGRESSIVE;
				GCC_WARN_UNUSED_FUNCTION = YES;
				GCC_WARN_UNUSED_VARIABLE = YES;
				IPHONEOS_DEPLOYMENT_TARGET = 18.4;
				LOCALIZATION_PREFERS_STRING_CATALOGS = YES;
				MTL_ENABLE_DEBUG_INFO = NO;
				MTL_FAST_MATH = YES;
				SDKROOT = iphoneos;
				SWIFT_COMPILATION_MODE = wholemodule;
				VALIDATE_PRODUCT = YES;
			};
			name = Release;
		};
		47818CA42DB6E17F000E0134 /* Debug */ = {
			isa = XCBuildConfiguration;
			buildSettings = {
				ASSETCATALOG_COMPILER_APPICON_NAME = AppIcon;
				ASSETCATALOG_COMPILER_GLOBAL_ACCENT_COLOR_NAME = AccentColor;
				ASSETCATALOG_COMPILER_INCLUDE_ALL_APPICON_ASSETS = YES;
				CODE_SIGN_STYLE = Automatic;
				CURRENT_PROJECT_VERSION = 1;
				DEVELOPMENT_TEAM = 8RFJKMWCJG;
				ENABLE_PREVIEWS = YES;
				GENERATE_INFOPLIST_FILE = YES;
				INFOPLIST_FILE = "PDD-Project-2-Info.plist";
				INFOPLIST_KEY_NSBluetoothAlwaysUsageDescription = "\"This app uses Bluetooth to connect to ski goggles.\"";
				INFOPLIST_KEY_NSBluetoothPeripheralUsageDescription = "\"This app communicates with external Bluetooth devices for skiing features.\"";
				INFOPLIST_KEY_NSLocationAlwaysAndWhenInUseUsageDescription = "\"This app uses your location to show where you are on the mountain.\"";
				INFOPLIST_KEY_NSLocationWhenInUseUsageDescription = "\"This app uses your location to show where you are on the mountain even when the app is in the background.\"";
				INFOPLIST_KEY_UIApplicationSceneManifest_Generation = YES;
				INFOPLIST_KEY_UIApplicationSupportsIndirectInputEvents = YES;
				INFOPLIST_KEY_UILaunchScreen_Generation = YES;
				INFOPLIST_KEY_UISupportedInterfaceOrientations_iPad = "UIInterfaceOrientationPortrait UIInterfaceOrientationPortraitUpsideDown UIInterfaceOrientationLandscapeLeft UIInterfaceOrientationLandscapeRight";
				INFOPLIST_KEY_UISupportedInterfaceOrientations_iPhone = "UIInterfaceOrientationPortrait UIInterfaceOrientationLandscapeLeft UIInterfaceOrientationLandscapeRight";
				LD_RUNPATH_SEARCH_PATHS = (
					"$(inherited)",
					"@executable_path/Frameworks",
				);
				MARKETING_VERSION = 3.5;
				PRODUCT_BUNDLE_IDENTIFIER = "MIT-Sloan-PDD-Group.PDD-Project-2";
				PRODUCT_NAME = "$(TARGET_NAME)";
				SWIFT_EMIT_LOC_STRINGS = YES;
				SWIFT_VERSION = 5.0;
				TARGETED_DEVICE_FAMILY = "1,2";
			};
			name = Debug;
		};
		47818CA52DB6E17F000E0134 /* Release */ = {
			isa = XCBuildConfiguration;
			buildSettings = {
				ASSETCATALOG_COMPILER_APPICON_NAME = AppIcon;
				ASSETCATALOG_COMPILER_GLOBAL_ACCENT_COLOR_NAME = AccentColor;
				ASSETCATALOG_COMPILER_INCLUDE_ALL_APPICON_ASSETS = YES;
				CODE_SIGN_STYLE = Automatic;
				CURRENT_PROJECT_VERSION = 1;
				DEVELOPMENT_TEAM = 8RFJKMWCJG;
				ENABLE_PREVIEWS = YES;
				GENERATE_INFOPLIST_FILE = YES;
				INFOPLIST_FILE = "PDD-Project-2-Info.plist";
				INFOPLIST_KEY_NSBluetoothAlwaysUsageDescription = "\"This app uses Bluetooth to connect to ski goggles.\"";
				INFOPLIST_KEY_NSBluetoothPeripheralUsageDescription = "\"This app communicates with external Bluetooth devices for skiing features.\"";
				INFOPLIST_KEY_NSLocationAlwaysAndWhenInUseUsageDescription = "\"This app uses your location to show where you are on the mountain.\"";
				INFOPLIST_KEY_NSLocationWhenInUseUsageDescription = "\"This app uses your location to show where you are on the mountain even when the app is in the background.\"";
				INFOPLIST_KEY_UIApplicationSceneManifest_Generation = YES;
				INFOPLIST_KEY_UIApplicationSupportsIndirectInputEvents = YES;
				INFOPLIST_KEY_UILaunchScreen_Generation = YES;
				INFOPLIST_KEY_UISupportedInterfaceOrientations_iPad = "UIInterfaceOrientationPortrait UIInterfaceOrientationPortraitUpsideDown UIInterfaceOrientationLandscapeLeft UIInterfaceOrientationLandscapeRight";
				INFOPLIST_KEY_UISupportedInterfaceOrientations_iPhone = "UIInterfaceOrientationPortrait UIInterfaceOrientationLandscapeLeft UIInterfaceOrientationLandscapeRight";
				LD_RUNPATH_SEARCH_PATHS = (
					"$(inherited)",
					"@executable_path/Frameworks",
				);
				MARKETING_VERSION = 3.5;
				PRODUCT_BUNDLE_IDENTIFIER = "MIT-Sloan-PDD-Group.PDD-Project-2";
				PRODUCT_NAME = "$(TARGET_NAME)";
				SWIFT_EMIT_LOC_STRINGS = YES;
				SWIFT_VERSION = 5.0;
				TARGETED_DEVICE_FAMILY = "1,2";
			};
			name = Release;
		};
		47818CA72DB6E17F000E0134 /* Debug */ = {
			isa = XCBuildConfiguration;
			buildSettings = {
				BUNDLE_LOADER = "$(TEST_HOST)";
				CODE_SIGN_STYLE = Automatic;
				CURRENT_PROJECT_VERSION = 1;
				DEVELOPMENT_TEAM = 8RFJKMWCJG;
				GENERATE_INFOPLIST_FILE = YES;
				IPHONEOS_DEPLOYMENT_TARGET = 18.4;
				MARKETING_VERSION = 1.0;
				PRODUCT_BUNDLE_IDENTIFIER = "MIT-Sloan-PDD-Group.PDD-Project-2Tests";
				PRODUCT_NAME = "$(TARGET_NAME)";
				SWIFT_EMIT_LOC_STRINGS = NO;
				SWIFT_VERSION = 5.0;
				TARGETED_DEVICE_FAMILY = "1,2";
				TEST_HOST = "$(BUILT_PRODUCTS_DIR)/PDD Project 2.app/$(BUNDLE_EXECUTABLE_FOLDER_PATH)/PDD Project 2";
			};
			name = Debug;
		};
		47818CA82DB6E17F000E0134 /* Release */ = {
			isa = XCBuildConfiguration;
			buildSettings = {
				BUNDLE_LOADER = "$(TEST_HOST)";
				CODE_SIGN_STYLE = Automatic;
				CURRENT_PROJECT_VERSION = 1;
				DEVELOPMENT_TEAM = 8RFJKMWCJG;
				GENERATE_INFOPLIST_FILE = YES;
				IPHONEOS_DEPLOYMENT_TARGET = 18.4;
				MARKETING_VERSION = 1.0;
				PRODUCT_BUNDLE_IDENTIFIER = "MIT-Sloan-PDD-Group.PDD-Project-2Tests";
				PRODUCT_NAME = "$(TARGET_NAME)";
				SWIFT_EMIT_LOC_STRINGS = NO;
				SWIFT_VERSION = 5.0;
				TARGETED_DEVICE_FAMILY = "1,2";
				TEST_HOST = "$(BUILT_PRODUCTS_DIR)/PDD Project 2.app/$(BUNDLE_EXECUTABLE_FOLDER_PATH)/PDD Project 2";
			};
			name = Release;
		};
		47818CAA2DB6E17F000E0134 /* Debug */ = {
			isa = XCBuildConfiguration;
			buildSettings = {
				CODE_SIGN_STYLE = Automatic;
				CURRENT_PROJECT_VERSION = 1;
				DEVELOPMENT_TEAM = 8RFJKMWCJG;
				GENERATE_INFOPLIST_FILE = YES;
				MARKETING_VERSION = 1.0;
				PRODUCT_BUNDLE_IDENTIFIER = "MIT-Sloan-PDD-Group.PDD-Project-2UITests";
				PRODUCT_NAME = "$(TARGET_NAME)";
				SWIFT_EMIT_LOC_STRINGS = NO;
				SWIFT_VERSION = 5.0;
				TARGETED_DEVICE_FAMILY = "1,2";
				TEST_TARGET_NAME = "PDD Project 2";
			};
			name = Debug;
		};
		47818CAB2DB6E17F000E0134 /* Release */ = {
			isa = XCBuildConfiguration;
			buildSettings = {
				CODE_SIGN_STYLE = Automatic;
				CURRENT_PROJECT_VERSION = 1;
				DEVELOPMENT_TEAM = 8RFJKMWCJG;
				GENERATE_INFOPLIST_FILE = YES;
				MARKETING_VERSION = 1.0;
				PRODUCT_BUNDLE_IDENTIFIER = "MIT-Sloan-PDD-Group.PDD-Project-2UITests";
				PRODUCT_NAME = "$(TARGET_NAME)";
				SWIFT_EMIT_LOC_STRINGS = NO;
				SWIFT_VERSION = 5.0;
				TARGETED_DEVICE_FAMILY = "1,2";
				TEST_TARGET_NAME = "PDD Project 2";
			};
			name = Release;
		};
/* End XCBuildConfiguration section */

/* Begin XCConfigurationList section */
		47818C7B2DB6E17A000E0134 /* Build configuration list for PBXProject "PDD Project 2" */ = {
			isa = XCConfigurationList;
			buildConfigurations = (
				47818CA12DB6E17F000E0134 /* Debug */,
				47818CA22DB6E17F000E0134 /* Release */,
			);
			defaultConfigurationIsVisible = 0;
			defaultConfigurationName = Release;
		};
		47818CA32DB6E17F000E0134 /* Build configuration list for PBXNativeTarget "PDD Project 2" */ = {
			isa = XCConfigurationList;
			buildConfigurations = (
				47818CA42DB6E17F000E0134 /* Debug */,
				47818CA52DB6E17F000E0134 /* Release */,
			);
			defaultConfigurationIsVisible = 0;
			defaultConfigurationName = Release;
		};
		47818CA62DB6E17F000E0134 /* Build configuration list for PBXNativeTarget "PDD Project 2Tests" */ = {
			isa = XCConfigurationList;
			buildConfigurations = (
				47818CA72DB6E17F000E0134 /* Debug */,
				47818CA82DB6E17F000E0134 /* Release */,
			);
			defaultConfigurationIsVisible = 0;
			defaultConfigurationName = Release;
		};
		47818CA92DB6E17F000E0134 /* Build configuration list for PBXNativeTarget "PDD Project 2UITests" */ = {
			isa = XCConfigurationList;
			buildConfigurations = (
				47818CAA2DB6E17F000E0134 /* Debug */,
				47818CAB2DB6E17F000E0134 /* Release */,
			);
			defaultConfigurationIsVisible = 0;
			defaultConfigurationName = Release;
		};
/* End XCConfigurationList section */

/* Begin XCRemoteSwiftPackageReference section */
		47818CB82DB705D6000E0134 /* XCRemoteSwiftPackageReference "firebase-ios-sdk" */ = {
			isa = XCRemoteSwiftPackageReference;
			repositoryURL = "https://github.com/firebase/firebase-ios-sdk";
			requirement = {
				kind = upToNextMajorVersion;
				minimumVersion = 11.12.0;
			};
		};
/* End XCRemoteSwiftPackageReference section */

/* Begin XCSwiftPackageProductDependency section */
		47818CB92DB705D6000E0134 /* FirebaseCore */ = {
			isa = XCSwiftPackageProductDependency;
			package = 47818CB82DB705D6000E0134 /* XCRemoteSwiftPackageReference "firebase-ios-sdk" */;
			productName = FirebaseCore;
		};
		47818CBB2DB705D6000E0134 /* FirebaseFirestore */ = {
			isa = XCSwiftPackageProductDependency;
			package = 47818CB82DB705D6000E0134 /* XCRemoteSwiftPackageReference "firebase-ios-sdk" */;
			productName = FirebaseFirestore;
		};
/* End XCSwiftPackageProductDependency section */
	};
	rootObject = 47818C782DB6E17A000E0134 /* Project object */;
}
